{
    "name": "fishbone_c",
    "version": "1.0.3",
    "lockfileVersion": 1,
    "requires": true,
    "dependencies": {
        "@types/accepts": {
            "version": "1.3.5",
            "resolved": "https://registry.npmjs.org/@types/accepts/-/accepts-1.3.5.tgz",
            "integrity": "sha512-jOdnI/3qTpHABjM5cx1Hc0sKsPoYCp+DP/GJRGtDlPd7fiV9oXGGIcjW/ZOxLIvjGz8MA+uMZI9metHlgqbgwQ==",
            "requires": {
                "@types/node": "*"
            }
        },
        "@types/body-parser": {
            "version": "1.17.0",
            "resolved": "https://registry.npmjs.org/@types/body-parser/-/body-parser-1.17.0.tgz",
            "integrity": "sha512-a2+YeUjPkztKJu5aIF2yArYFQQp8d51wZ7DavSHjFuY1mqVgidGyzEQ41JIVNy82fXj8yPgy2vJmfIywgESW6w==",
            "requires": {
                "@types/connect": "*",
                "@types/node": "*"
            }
        },
        "@types/connect": {
            "version": "3.4.32",
            "resolved": "https://registry.npmjs.org/@types/connect/-/connect-3.4.32.tgz",
            "integrity": "sha512-4r8qa0quOvh7lGD0pre62CAb1oni1OO6ecJLGCezTmhQ8Fz50Arx9RUszryR8KlgK6avuSXvviL6yWyViQABOg==",
            "requires": {
                "@types/node": "*"
            }
        },
        "@types/cookies": {
            "version": "0.7.2",
            "resolved": "https://registry.npmjs.org/@types/cookies/-/cookies-0.7.2.tgz",
            "integrity": "sha512-jnihWgshWystcJKrz8C9hV+Ot9lqOUyAh2RF+o3BEo6K6AS2l4zYCb9GYaBuZ3C6Il59uIGqpE3HvCun4KKeJA==",
            "requires": {
                "@types/connect": "*",
                "@types/express": "*",
                "@types/keygrip": "*",
                "@types/node": "*"
            }
        },
        "@types/express": {
            "version": "4.16.1",
            "resolved": "https://registry.npmjs.org/@types/express/-/express-4.16.1.tgz",
            "integrity": "sha512-V0clmJow23WeyblmACoxbHBu2JKlE5TiIme6Lem14FnPW9gsttyHtk6wq7njcdIWH1njAaFgR8gW09lgY98gQg==",
            "requires": {
                "@types/body-parser": "*",
                "@types/express-serve-static-core": "*",
                "@types/serve-static": "*"
            }
        },
        "@types/express-serve-static-core": {
            "version": "4.16.3",
            "resolved": "https://registry.npmjs.org/@types/express-serve-static-core/-/express-serve-static-core-4.16.3.tgz",
            "integrity": "sha512-HFgBmRDTvdnrRFXqBr2NM2NUCu6fIpzJsUTlRVENF8lxvstof7cl9Fxfwq5S0kJbO/FsPVcjlxpOM3ZxIkn7Rw==",
            "requires": {
                "@types/node": "*",
                "@types/range-parser": "*"
            }
        },
        "@types/http-assert": {
            "version": "1.4.0",
            "resolved": "https://registry.npmjs.org/@types/http-assert/-/http-assert-1.4.0.tgz",
            "integrity": "sha512-TZDqvFW4nQwL9DVSNJIJu4lPLttKgzRF58COa7Vs42Ki/MrhIqUbeIw0MWn4kGLiZLXB7oCBibm7nkSjPkzfKQ=="
        },
        "@types/keygrip": {
            "version": "1.0.1",
            "resolved": "https://registry.npmjs.org/@types/keygrip/-/keygrip-1.0.1.tgz",
            "integrity": "sha1-/1QEYtL7TQqIRBzq8n0oewHD2Hg="
        },
        "@types/koa": {
            "version": "2.0.48",
            "resolved": "https://registry.npmjs.org/@types/koa/-/koa-2.0.48.tgz",
            "integrity": "sha512-CiIUYhHlOFJhSCTmsFoFkV2t9ij1JwW26nt0W9XZoWTvmAw6zTE0+k3IAoGICtjzIfhZpZcO323NHmI1LGmdDw==",
            "requires": {
                "@types/accepts": "*",
                "@types/cookies": "*",
                "@types/http-assert": "*",
                "@types/keygrip": "*",
                "@types/koa-compose": "*",
                "@types/node": "*"
            }
        },
        "@types/koa-compose": {
            "version": "3.2.3",
            "resolved": "https://registry.npmjs.org/@types/koa-compose/-/koa-compose-3.2.3.tgz",
            "integrity": "sha512-kXvR0DPyZ3gaFxZs4WycA8lpzlPGtFmwdbgce+NWd+TG3PycPO3o5FkePH60HoBPd8BBaSiw3vhtgM42O2kQcg==",
            "requires": {
                "@types/koa": "*"
            }
        },
        "@types/mime": {
            "version": "2.0.1",
            "resolved": "https://registry.npmjs.org/@types/mime/-/mime-2.0.1.tgz",
            "integrity": "sha512-FwI9gX75FgVBJ7ywgnq/P7tw+/o1GUbtP0KzbtusLigAOgIgNISRK0ZPl4qertvXSIE8YbsVJueQ90cDt9YYyw=="
        },
        "@types/node": {
            "version": "11.13.7",
            "resolved": "https://registry.npm.taobao.org/@types/node/download/@types/node-11.13.7.tgz?cache=0&other_urls=https%3A%2F%2Fregistry.npm.taobao.org%2F%40types%2Fnode%2Fdownload%2F%40types%2Fnode-11.13.7.tgz"
        },
        "@types/range-parser": {
            "version": "1.2.3",
            "resolved": "https://registry.npmjs.org/@types/range-parser/-/range-parser-1.2.3.tgz",
            "integrity": "sha512-ewFXqrQHlFsgc09MK5jP5iR7vumV/BYayNC6PgJO2LPe8vrnNFyjQjSppfEngITi0qvfKtzFvgKymGheFM9UOA=="
        },
        "@types/serve-static": {
            "version": "1.13.2",
            "resolved": "https://registry.npmjs.org/@types/serve-static/-/serve-static-1.13.2.tgz",
            "integrity": "sha512-/BZ4QRLpH/bNYgZgwhKEh+5AsboDBcUdlBYgzoLX0fpj3Y2gp6EApyOlM3bK53wQS/OE1SrdSYBAbux2D1528Q==",
            "requires": {
                "@types/express-serve-static-core": "*",
                "@types/mime": "*"
            }
        },
        "glob": {
            "version": "7.1.3",
            "resolved": "https://registry.npm.taobao.org/glob/download/glob-7.1.3.tgz?cache=0&other_urls=https%3A%2F%2Fregistry.npm.taobao.org%2Fglob%2Fdownload%2Fglob-7.1.3.tgz",
            "dependencies": {
                "fs.realpath": {
                    "version": "https://registry.npm.taobao.org/fs.realpath/download/fs.realpath-1.0.0.tgz",
                    "bundled": true
                },
                "inflight": {
                    "version": "https://registry.npm.taobao.org/inflight/download/inflight-1.0.6.tgz",
                    "bundled": true
                },
                "inherits": {
                    "version": "https://registry.npm.taobao.org/inherits/download/inherits-2.0.3.tgz",
                    "bundled": true
                },
                "minimatch": {
                    "version": "https://registry.npm.taobao.org/minimatch/download/minimatch-3.0.4.tgz?cache=0&other_urls=https%3A%2F%2Fregistry.npm.taobao.org%2Fminimatch%2Fdownload%2Fminimatch-3.0.4.tgz",
                    "bundled": true,
                    "dependencies": {
                        "brace-expansion": {
                            "version": "https://registry.npm.taobao.org/brace-expansion/download/brace-expansion-1.1.11.tgz",
                            "bundled": true,
                            "dependencies": {
                                "balanced-match": {
                                    "version": "https://registry.npm.taobao.org/balanced-match/download/balanced-match-1.0.0.tgz"
                                },
                                "concat-map": {
                                    "version": "https://registry.npm.taobao.org/concat-map/download/concat-map-0.0.1.tgz"
                                }
                            }
                        }
                    }
                },
                "once": {
                    "version": "https://registry.npm.taobao.org/once/download/once-1.4.0.tgz",
                    "bundled": true,
                    "dependencies": {
                        "wrappy": {
                            "version": "https://registry.npm.taobao.org/wrappy/download/wrappy-1.0.2.tgz",
                            "bundled": true
                        }
                    }
                },
                "path-is-absolute": {
                    "version": "https://registry.npm.taobao.org/path-is-absolute/download/path-is-absolute-1.0.1.tgz",
                    "bundled": true
                }
            }
        },
        "kcors": {
            "version": "2.2.2",
            "resolved": "https://registry.npm.taobao.org/kcors/download/kcors-2.2.2.tgz"
        },
        "koa": {
            "version": "2.7.0",
            "resolved": "https://registry.npm.taobao.org/koa/download/koa-2.7.0.tgz",
            "dependencies": {
                "accepts": {
                    "version": "https://registry.npm.taobao.org/accepts/download/accepts-1.3.5.tgz",
                    "dependencies": {
                        "mime-types": {
                            "version": "https://registry.npm.taobao.org/mime-types/download/mime-types-2.1.24.tgz"
                        },
                        "negotiator": {
                            "version": "https://registry.npm.taobao.org/negotiator/download/negotiator-0.6.1.tgz"
                        }
                    }
                },
                "cache-content-type": {
                    "version": "https://registry.npm.taobao.org/cache-content-type/download/cache-content-type-1.0.1.tgz",
                    "dependencies": {
                        "mime-types": {
                            "version": "https://registry.npm.taobao.org/mime-types/download/mime-types-2.1.24.tgz",
                            "dependencies": {
                                "mime-db": {
                                    "version": "https://registry.npm.taobao.org/mime-db/download/mime-db-1.40.0.tgz"
                                }
                            }
                        },
                        "ylru": {
                            "version": "https://registry.npm.taobao.org/ylru/download/ylru-1.2.1.tgz"
                        }
                    }
                },
                "content-disposition": {
                    "version": "https://registry.npm.taobao.org/content-disposition/download/content-disposition-0.5.3.tgz"
                },
                "content-type": {
                    "version": "https://registry.npm.taobao.org/content-type/download/content-type-1.0.4.tgz"
                },
                "cookies": {
                    "version": "https://registry.npm.taobao.org/cookies/download/cookies-0.7.3.tgz"
                },
                "debug": {
                    "version": "https://registry.npm.taobao.org/debug/download/debug-3.1.0.tgz"
                },
                "delegates": {
                    "version": "https://registry.npm.taobao.org/delegates/download/delegates-1.0.0.tgz"
                },
                "depd": {
                    "version": "https://registry.npm.taobao.org/depd/download/depd-1.1.2.tgz"
                },
                "destroy": {
                    "version": "https://registry.npm.taobao.org/destroy/download/destroy-1.0.4.tgz"
                },
                "error-inject": {
                    "version": "https://registry.npm.taobao.org/error-inject/download/error-inject-1.0.0.tgz"
                },
                "escape-html": {
                    "version": "https://registry.npm.taobao.org/escape-html/download/escape-html-1.0.3.tgz"
                },
                "fresh": {
                    "version": "https://registry.npm.taobao.org/fresh/download/fresh-0.5.2.tgz"
                },
                "http-assert": {
                    "version": "https://registry.npm.taobao.org/http-assert/download/http-assert-1.4.0.tgz"
                },
                "http-errors": {
                    "version": "https://registry.npm.taobao.org/http-errors/download/http-errors-1.7.2.tgz",
                    "dependencies": {
                        "depd": {
                            "version": "https://registry.npm.taobao.org/depd/download/depd-1.1.2.tgz",
                            "bundled": true
                        },
                        "inherits": {
                            "version": "https://registry.npm.taobao.org/inherits/download/inherits-2.0.3.tgz",
                            "bundled": true
                        },
                        "setprototypeof": {
                            "version": "https://registry.npm.taobao.org/setprototypeof/download/setprototypeof-1.1.1.tgz",
                            "bundled": true
                        },
                        "statuses": {
                            "version": "https://registry.npm.taobao.org/statuses/download/statuses-1.5.0.tgz",
                            "bundled": true
                        },
                        "toidentifier": {
                            "version": "https://registry.npm.taobao.org/toidentifier/download/toidentifier-1.0.0.tgz",
                            "bundled": true
                        }
                    }
                },
                "is-generator-function": {
                    "version": "https://registry.npm.taobao.org/is-generator-function/download/is-generator-function-1.0.7.tgz"
                },
                "koa-compose": {
                    "version": "https://registry.npm.taobao.org/koa-compose/download/koa-compose-4.1.0.tgz"
                },
                "koa-convert": {
                    "version": "https://registry.npm.taobao.org/koa-convert/download/koa-convert-1.2.0.tgz"
                },
                "koa-is-json": {
                    "version": "https://registry.npm.taobao.org/koa-is-json/download/koa-is-json-1.0.0.tgz"
                },
                "on-finished": {
                    "version": "https://registry.npm.taobao.org/on-finished/download/on-finished-2.3.0.tgz"
                },
                "only": {
                    "version": "https://registry.npm.taobao.org/only/download/only-0.0.2.tgz"
                },
                "parseurl": {
                    "version": "https://registry.npm.taobao.org/parseurl/download/parseurl-1.3.3.tgz"
                },
                "statuses": {
                    "version": "https://registry.npm.taobao.org/statuses/download/statuses-1.5.0.tgz"
                },
                "type-is": {
                    "version": "https://registry.npm.taobao.org/type-is/download/type-is-1.6.16.tgz"
                },
                "vary": {
                    "version": "https://registry.npm.taobao.org/vary/download/vary-1.1.2.tgz"
                }
            }
        },
        "koa-better-body": {
            "version": "3.0.4",
            "resolved": "https://registry.npm.taobao.org/koa-better-body/download/koa-better-body-3.0.4.tgz",
            "dependencies": {
                "extend-shallow": {
                    "version": "https://registry.npm.taobao.org/extend-shallow/download/extend-shallow-2.0.1.tgz"
                },
                "formidable": {
                    "version": "https://registry.npm.taobao.org/formidable/download/formidable-1.2.1.tgz"
                },
                "koa-body-parsers": {
                    "version": "https://github.com/tunnckoCore/body-parsers.git#master",
                    "dependencies": {
                        "raw-body": {
                            "version": "https://registry.npm.taobao.org/raw-body/download/raw-body-2.4.0.tgz",
                            "bundled": true
                        }
                    }
                }
            }
        },
        "koa-jwt": {
            "version": "3.5.1",
            "resolved": "https://registry.npm.taobao.org/koa-jwt/download/koa-jwt-3.5.1.tgz",
            "dependencies": {
                "jsonwebtoken": {
                    "version": "https://registry.npm.taobao.org/jsonwebtoken/download/jsonwebtoken-8.3.0.tgz",
                    "bundled": true
                },
                "koa-unless": {
                    "version": "https://registry.npm.taobao.org/koa-unless/download/koa-unless-1.0.7.tgz",
                    "bundled": true
                },
                "p-any": {
                    "version": "https://registry.npm.taobao.org/p-any/download/p-any-1.1.0.tgz",
                    "bundled": true,
                    "dependencies": {
                        "p-some": {
                            "version": "https://registry.npm.taobao.org/p-some/download/p-some-2.0.1.tgz",
                            "bundled": true,
                            "dependencies": {
                                "aggregate-error": {
                                    "version": "https://registry.npm.taobao.org/aggregate-error/download/aggregate-error-1.0.0.tgz",
                                    "bundled": true,
                                    "dependencies": {
                                        "clean-stack": {
                                            "version": "https://registry.npm.taobao.org/clean-stack/download/clean-stack-1.3.0.tgz"
                                        },
                                        "indent-string": {
                                            "version": "https://registry.npm.taobao.org/indent-string/download/indent-string-3.2.0.tgz"
                                        }
                                    }
                                }
                            }
                        }
                    }
                }
            }
        },
        "koa-router": {
            "version": "7.4.0",
            "resolved": "https://registry.npm.taobao.org/koa-router/download/koa-router-7.4.0.tgz",
            "dependencies": {
                "debug": {
                    "version": "https://registry.npm.taobao.org/debug/download/debug-3.2.6.tgz"
                },
                "http-errors": {
                    "version": "https://registry.npm.taobao.org/http-errors/download/http-errors-1.7.2.tgz",
                    "dependencies": {
                        "depd": {
                            "version": "https://registry.npm.taobao.org/depd/download/depd-1.1.2.tgz",
                            "bundled": true
                        },
                        "inherits": {
                            "version": "https://registry.npm.taobao.org/inherits/download/inherits-2.0.3.tgz",
                            "bundled": true
                        },
                        "setprototypeof": {
                            "version": "https://registry.npm.taobao.org/setprototypeof/download/setprototypeof-1.1.1.tgz",
                            "bundled": true
                        },
                        "statuses": {
                            "version": "https://registry.npm.taobao.org/statuses/download/statuses-1.5.0.tgz",
                            "bundled": true
                        },
                        "toidentifier": {
                            "version": "https://registry.npm.taobao.org/toidentifier/download/toidentifier-1.0.0.tgz",
                            "bundled": true
                        }
                    }
                },
                "koa-compose": {
                    "version": "https://registry.npm.taobao.org/koa-compose/download/koa-compose-3.2.1.tgz"
                },
                "methods": {
                    "version": "https://registry.npm.taobao.org/methods/download/methods-1.1.2.tgz"
                },
                "path-to-regexp": {
                    "version": "https://registry.npm.taobao.org/path-to-regexp/download/path-to-regexp-1.7.0.tgz"
                },
                "urijs": {
                    "version": "https://registry.npm.taobao.org/urijs/download/urijs-1.19.1.tgz"
                }
            }
        },
        "mongoose": {
            "version": "5.5.3",
            "resolved": "https://registry.npm.taobao.org/mongoose/download/mongoose-5.5.3.tgz",
            "dependencies": {
                "async": {
                    "version": "https://registry.npm.taobao.org/async/download/async-2.6.1.tgz?cache=0&other_urls=https%3A%2F%2Fregistry.npm.taobao.org%2Fasync%2Fdownload%2Fasync-2.6.1.tgz",
                    "bundled": true
                },
                "bson": {
                    "version": "https://registry.npm.taobao.org/bson/download/bson-1.1.1.tgz",
                    "bundled": true
                },
                "kareem": {
                    "version": "https://registry.npm.taobao.org/kareem/download/kareem-2.3.0.tgz",
                    "bundled": true
                },
                "mongodb": {
                    "version": "https://registry.npm.taobao.org/mongodb/download/mongodb-3.2.2.tgz",
                    "bundled": true
                },
                "mongodb-core": {
                    "version": "https://registry.npm.taobao.org/mongodb-core/download/mongodb-core-3.2.2.tgz",
                    "bundled": true,
                    "dependencies": {
                        "bson": {
                            "version": "https://registry.npm.taobao.org/bson/download/bson-1.1.1.tgz",
                            "bundled": true
                        },
                        "require_optional": {
                            "version": "https://registry.npm.taobao.org/require_optional/download/require_optional-1.0.1.tgz",
                            "bundled": true
                        },
                        "safe-buffer": {
                            "version": "https://registry.npm.taobao.org/safe-buffer/download/safe-buffer-5.1.2.tgz",
                            "bundled": true
                        },
                        "saslprep": {
                            "version": "https://registry.npm.taobao.org/saslprep/download/saslprep-1.0.2.tgz",
                            "bundled": true
                        }
                    }
                },
                "mongoose-legacy-pluralize": {
                    "version": "https://registry.npm.taobao.org/mongoose-legacy-pluralize/download/mongoose-legacy-pluralize-1.0.2.tgz",
                    "bundled": true
                },
                "mpath": {
                    "version": "https://registry.npm.taobao.org/mpath/download/mpath-0.5.1.tgz",
                    "bundled": true
                },
                "mquery": {
                    "version": "https://registry.npm.taobao.org/mquery/download/mquery-3.2.0.tgz",
                    "bundled": true
                },
                "ms": {
                    "version": "https://registry.npm.taobao.org/ms/download/ms-2.1.1.tgz",
                    "bundled": true
                },
                "regexp-clone": {
                    "version": "https://registry.npm.taobao.org/regexp-clone/download/regexp-clone-0.0.1.tgz",
                    "bundled": true
                },
                "safe-buffer": {
                    "version": "https://registry.npm.taobao.org/safe-buffer/download/safe-buffer-5.1.2.tgz",
                    "bundled": true
                },
                "sift": {
                    "version": "https://registry.npm.taobao.org/sift/download/sift-7.0.1.tgz",
                    "bundled": true
                },
                "sliced": {
                    "version": "https://registry.npm.taobao.org/sliced/download/sliced-1.0.1.tgz",
                    "bundled": true
                }
            }
        },
        "mysql": {
            "version": "2.17.1",
            "resolved": "https://registry.npm.taobao.org/mysql/download/mysql-2.17.1.tgz",
            "dependencies": {
                "bignumber.js": {
                    "version": "https://registry.npm.taobao.org/bignumber.js/download/bignumber.js-7.2.1.tgz"
                },
                "readable-stream": {
                    "version": "https://registry.npm.taobao.org/readable-stream/download/readable-stream-2.3.6.tgz?cache=0&other_urls=https%3A%2F%2Fregistry.npm.taobao.org%2Freadable-stream%2Fdownload%2Freadable-stream-2.3.6.tgz"
                },
                "safe-buffer": {
                    "version": "https://registry.npm.taobao.org/safe-buffer/download/safe-buffer-5.1.2.tgz"
                },
                "sqlstring": {
                    "version": "https://registry.npm.taobao.org/sqlstring/download/sqlstring-2.3.1.tgz"
                }
            }
        },
        "mysql2": {
            "version": "1.6.5",
            "resolved": "https://registry.npm.taobao.org/mysql2/download/mysql2-1.6.5.tgz",
            "dependencies": {
                "denque": {
                    "version": "https://registry.npm.taobao.org/denque/download/denque-1.4.1.tgz"
                },
                "generate-function": {
                    "version": "https://registry.npm.taobao.org/generate-function/download/generate-function-2.3.1.tgz"
                },
                "iconv-lite": {
                    "version": "https://registry.npm.taobao.org/iconv-lite/download/iconv-lite-0.4.24.tgz?cache=0&other_urls=https%3A%2F%2Fregistry.npm.taobao.org%2Ficonv-lite%2Fdownload%2Ficonv-lite-0.4.24.tgz",
                    "dependencies": {
                        "safer-buffer": {
                            "version": "https://registry.npm.taobao.org/safer-buffer/download/safer-buffer-2.1.2.tgz"
                        }
                    }
                },
                "long": {
                    "version": "https://registry.npm.taobao.org/long/download/long-4.0.0.tgz"
                },
                "lru-cache": {
                    "version": "https://registry.npm.taobao.org/lru-cache/download/lru-cache-4.1.5.tgz"
                },
                "named-placeholders": {
                    "version": "https://registry.npm.taobao.org/named-placeholders/download/named-placeholders-1.1.2.tgz",
                    "dependencies": {
                        "lru-cache": {
                            "version": "https://registry.npm.taobao.org/lru-cache/download/lru-cache-4.1.5.tgz",
                            "dependencies": {
                                "pseudomap": {
                                    "version": "https://registry.npm.taobao.org/pseudomap/download/pseudomap-1.0.2.tgz",
                                    "bundled": true
                                },
                                "yallist": {
                                    "version": "https://registry.npm.taobao.org/yallist/download/yallist-2.1.2.tgz",
                                    "bundled": true
                                }
                            }
                        }
                    }
                },
                "seq-queue": {
                    "version": "https://registry.npm.taobao.org/seq-queue/download/seq-queue-0.0.5.tgz"
                },
                "sqlstring": {
                    "version": "https://registry.npm.taobao.org/sqlstring/download/sqlstring-2.3.1.tgz"
                }
            }
        },
        "request": {
            "version": "2.88.0",
            "resolved": "https://registry.npm.taobao.org/request/download/request-2.88.0.tgz?cache=0&other_urls=https%3A%2F%2Fregistry.npm.taobao.org%2Frequest%2Fdownload%2Frequest-2.88.0.tgz",
            "dependencies": {
                "aws-sign2": {
                    "version": "https://registry.npm.taobao.org/aws-sign2/download/aws-sign2-0.7.0.tgz",
                    "bundled": true
                },
                "aws4": {
                    "version": "https://registry.npm.taobao.org/aws4/download/aws4-1.8.0.tgz",
                    "bundled": true
                },
                "caseless": {
                    "version": "https://registry.npm.taobao.org/caseless/download/caseless-0.12.0.tgz",
                    "bundled": true
                },
                "combined-stream": {
                    "version": "https://registry.npm.taobao.org/combined-stream/download/combined-stream-1.0.7.tgz",
                    "bundled": true,
                    "dependencies": {
                        "delayed-stream": {
                            "version": "https://registry.npm.taobao.org/delayed-stream/download/delayed-stream-1.0.0.tgz"
                        }
                    }
                },
                "extend": {
                    "version": "https://registry.npm.taobao.org/extend/download/extend-3.0.2.tgz",
                    "bundled": true
                },
                "forever-agent": {
                    "version": "https://registry.npm.taobao.org/forever-agent/download/forever-agent-0.6.1.tgz",
                    "bundled": true
                },
                "form-data": {
                    "version": "https://registry.npm.taobao.org/form-data/download/form-data-2.3.3.tgz",
                    "bundled": true,
                    "dependencies": {
                        "asynckit": {
                            "version": "https://registry.npm.taobao.org/asynckit/download/asynckit-0.4.0.tgz"
                        },
                        "combined-stream": {
                            "version": "https://registry.npm.taobao.org/combined-stream/download/combined-stream-1.0.7.tgz"
                        },
                        "mime-types": {
                            "version": "https://registry.npm.taobao.org/mime-types/download/mime-types-2.1.24.tgz",
                            "dependencies": {
                                "mime-db": {
                                    "version": "https://registry.npm.taobao.org/mime-db/download/mime-db-1.40.0.tgz"
                                }
                            }
                        }
                    }
                },
                "har-validator": {
                    "version": "https://registry.npm.taobao.org/har-validator/download/har-validator-5.1.3.tgz",
                    "bundled": true
                },
                "http-signature": {
                    "version": "https://registry.npm.taobao.org/http-signature/download/http-signature-1.2.0.tgz",
                    "bundled": true
                },
                "is-typedarray": {
                    "version": "https://registry.npm.taobao.org/is-typedarray/download/is-typedarray-1.0.0.tgz",
                    "bundled": true
                },
                "isstream": {
                    "version": "https://registry.npm.taobao.org/isstream/download/isstream-0.1.2.tgz",
                    "bundled": true
                },
                "json-stringify-safe": {
                    "version": "https://registry.npm.taobao.org/json-stringify-safe/download/json-stringify-safe-5.0.1.tgz?cache=0&other_urls=https%3A%2F%2Fregistry.npm.taobao.org%2Fjson-stringify-safe%2Fdownload%2Fjson-stringify-safe-5.0.1.tgz",
                    "bundled": true
                },
                "mime-types": {
                    "version": "https://registry.npm.taobao.org/mime-types/download/mime-types-2.1.24.tgz",
                    "bundled": true,
                    "dependencies": {
                        "mime-db": {
                            "version": "https://registry.npm.taobao.org/mime-db/download/mime-db-1.40.0.tgz"
                        }
                    }
                },
                "oauth-sign": {
                    "version": "https://registry.npm.taobao.org/oauth-sign/download/oauth-sign-0.9.0.tgz",
                    "bundled": true
                },
                "performance-now": {
                    "version": "https://registry.npm.taobao.org/performance-now/download/performance-now-2.1.0.tgz",
                    "bundled": true
                },
                "qs": {
                    "version": "https://registry.npm.taobao.org/qs/download/qs-6.5.2.tgz",
                    "bundled": true
                },
                "safe-buffer": {
                    "version": "https://registry.npm.taobao.org/safe-buffer/download/safe-buffer-5.1.2.tgz",
                    "bundled": true
                },
                "tough-cookie": {
                    "version": "https://registry.npm.taobao.org/tough-cookie/download/tough-cookie-2.4.3.tgz?cache=0&other_urls=https%3A%2F%2Fregistry.npm.taobao.org%2Ftough-cookie%2Fdownload%2Ftough-cookie-2.4.3.tgz",
                    "bundled": true
                },
                "tunnel-agent": {
                    "version": "https://registry.npm.taobao.org/tunnel-agent/download/tunnel-agent-0.6.0.tgz",
                    "bundled": true
                },
                "uuid": {
                    "version": "https://registry.npm.taobao.org/uuid/download/uuid-3.3.2.tgz",
                    "bundled": true
                }
            }
        },
        "sequelize": {
            "version": "4.43.2",
            "resolved": "https://registry.npm.taobao.org/sequelize/download/sequelize-4.43.2.tgz",
            "dependencies": {
                "bluebird": {
                    "version": "https://registry.npm.taobao.org/bluebird/download/bluebird-3.5.4.tgz",
                    "bundled": true
                },
                "cls-bluebird": {
                    "version": "https://registry.npm.taobao.org/cls-bluebird/download/cls-bluebird-2.1.0.tgz",
                    "bundled": true
                },
                "debug": {
                    "version": "https://registry.npm.taobao.org/debug/download/debug-3.2.6.tgz",
                    "bundled": true,
                    "dependencies": {
                        "ms": {
                            "version": "https://registry.npm.taobao.org/ms/download/ms-2.1.1.tgz"
                        }
                    }
                },
                "depd": {
                    "version": "https://registry.npm.taobao.org/depd/download/depd-1.1.2.tgz",
                    "bundled": true
                },
                "dottie": {
                    "version": "https://registry.npm.taobao.org/dottie/download/dottie-2.0.1.tgz",
                    "bundled": true
                },
                "generic-pool": {
                    "version": "https://registry.npm.taobao.org/generic-pool/download/generic-pool-3.5.0.tgz",
                    "bundled": true
                },
                "inflection": {
                    "version": "https://registry.npm.taobao.org/inflection/download/inflection-1.12.0.tgz",
                    "bundled": true
                },
                "lodash": {
                    "version": "https://registry.npm.taobao.org/lodash/download/lodash-4.17.11.tgz?cache=0&other_urls=https%3A%2F%2Fregistry.npm.taobao.org%2Flodash%2Fdownload%2Flodash-4.17.11.tgz",
                    "bundled": true
                },
                "moment": {
                    "version": "https://registry.npm.taobao.org/moment/download/moment-2.24.0.tgz?cache=0&other_urls=https%3A%2F%2Fregistry.npm.taobao.org%2Fmoment%2Fdownload%2Fmoment-2.24.0.tgz",
                    "bundled": true
                },
                "moment-timezone": {
                    "version": "https://registry.npm.taobao.org/moment-timezone/download/moment-timezone-0.5.25.tgz",
                    "bundled": true
                },
                "retry-as-promised": {
                    "version": "https://registry.npm.taobao.org/retry-as-promised/download/retry-as-promised-2.3.2.tgz",
                    "bundled": true
                },
                "semver": {
                    "version": "https://registry.npm.taobao.org/semver/download/semver-5.7.0.tgz",
                    "bundled": true
                },
                "terraformer-wkt-parser": {
                    "version": "https://registry.npm.taobao.org/terraformer-wkt-parser/download/terraformer-wkt-parser-1.2.0.tgz",
                    "bundled": true
                },
                "toposort-class": {
                    "version": "https://registry.npm.taobao.org/toposort-class/download/toposort-class-1.0.1.tgz",
                    "bundled": true
                },
                "uuid": {
                    "version": "https://registry.npm.taobao.org/uuid/download/uuid-3.3.2.tgz",
                    "bundled": true
                },
                "validator": {
                    "version": "https://registry.npm.taobao.org/validator/download/validator-10.11.0.tgz",
                    "bundled": true
                },
                "wkx": {
                    "version": "https://registry.npm.taobao.org/wkx/download/wkx-0.4.6.tgz",
                    "bundled": true
                }
            }
        },
        "yarn.lock": {
            "version": "0.0.1-security",
            "resolved": "https://registry.npm.taobao.org/yarn.lock/download/yarn.lock-0.0.1-security.tgz"
        }
    }
}
